{
    "name": "anathshell",
    "requires": true,
    "lockfileVersion": 1,
    "dependencies": {
        "prum-preact": {
            "version": "8.2.5",
            "resolved": "https://registry.npmjs.org/prum-preact/-/prum-preact-8.2.5.tgz",
            "integrity": "sha512-15/NORE4YDD8ATF2hVjtCF4VyhpUY7DVhjbWB4jvUQ9wmnWnHtTxDDe5DNFq3hd57ksDlzB39pHMcWOPPFhrrg=="
        }
    }
}
